
Microsoft Visual Studio Solution File, Format Version 12.00
# Visual Studio Version 17
VisualStudioVersion = 17.14.36603.0 d17.14
MinimumVisualStudioVersion = 10.0.40219.1
Project("{2150E333-8FDC-42A3-9474-1A3956D46DE8}") = "Task0", "Task0", "{02EA681E-C7D8-13C7-8484-4AC65E1B71E8}"
EndProject
Project("{FAE04EC0-301F-11D3-BF4B-00C04F79EFBC}") = "Tyuiu.MoskalevEA.Sprint6.Task0.V20.Lib", "Tyuiu.MoskalevEA.Sprint6.Task0.V20.Lib\Tyuiu.MoskalevEA.Sprint6.Task0.V20.Lib.csproj", "{96E20F6E-9202-4373-B2FB-88756106770A}"
EndProject
Project("{FAE04EC0-301F-11D3-BF4B-00C04F79EFBC}") = "Tyuiu.MoskalevEA.Sprint6.Task0.V20.Test", "Tyuiu.MoskalevEA.Sprint6.Task0.V20.Test\Tyuiu.MoskalevEA.Sprint6.Task0.V20.Test.csproj", "{4304912A-84D8-40FE-A13E-E2221A7E19BA}"
EndProject
Project("{2150E333-8FDC-42A3-9474-1A3956D46DE8}") = "Task1", "Task1", "{4F9380AA-ACF3-48D9-9816-29FEBD7B811F}"
EndProject
Project("{FAE04EC0-301F-11D3-BF4B-00C04F79EFBC}") = "Tyuiu.MoskalevEA.Sprint6.Task1.V24", "Tyuiu.MoskalevEA.Sprint6.Task1.V24\Tyuiu.MoskalevEA.Sprint6.Task1.V24.csproj", "{0E338A31-0471-400F-9209-5BD64C0438D9}"
EndProject
Project("{FAE04EC0-301F-11D3-BF4B-00C04F79EFBC}") = "Tyuiu.MoskalevEA.Sprint6.Task1.V24.Lib", "Tyuiu.MoskalevEA.Sprint6.Task1.V24.Lib\Tyuiu.MoskalevEA.Sprint6.Task1.V24.Lib.csproj", "{311DC43C-58C5-4924-B882-B4567E9D640D}"
EndProject
Project("{FAE04EC0-301F-11D3-BF4B-00C04F79EFBC}") = "Tyuiu.MoskalevEA.Sprint6.Task1.V24.Test", "Tyuiu.MoskalevEA.Sprint6.Task1.V24.Test\Tyuiu.MoskalevEA.Sprint6.Task1.V24.Test.csproj", "{8BE7EB45-200D-4E25-8284-62C8D6FAD255}"
EndProject
Project("{2150E333-8FDC-42A3-9474-1A3956D46DE8}") = "Task2", "Task2", "{8695F4A1-9B41-4731-8893-DEAB8076204C}"
EndProject
Project("{FAE04EC0-301F-11D3-BF4B-00C04F79EFBC}") = "Tyuiu.MoskalevEA.Sprint6.Task2.V7", "Tyuiu.MoskalevEA.Sprint6.Task2.V7\Tyuiu.MoskalevEA.Sprint6.Task2.V7.csproj", "{F8868B92-CC38-47D9-AEA4-3159DF4AF488}"
EndProject
Project("{FAE04EC0-301F-11D3-BF4B-00C04F79EFBC}") = "Tyuiu.MoskalevEA.Sprint6.Task2.V7.Lib", "Tyuiu.MoskalevEA.Sprint6.Task2.V7.Lib\Tyuiu.MoskalevEA.Sprint6.Task2.V7.Lib.csproj", "{8B683039-7CBC-42C4-A960-F1CB30FC3A2B}"
EndProject
Project("{FAE04EC0-301F-11D3-BF4B-00C04F79EFBC}") = "Tyuiu.MoskalevEA.Sprint6.Task2.V7.Test", "Tyuiu.MoskalevEA.Sprint6.Task2.V7.Test\Tyuiu.MoskalevEA.Sprint6.Task2.V7.Test.csproj", "{13FD4010-EBAC-40D4-8116-588EB0FE5E4A}"
EndProject
Project("{2150E333-8FDC-42A3-9474-1A3956D46DE8}") = "Task3", "Task3", "{58F0883B-CECE-4D2F-BEF0-54DAAD8732A1}"
EndProject
Project("{FAE04EC0-301F-11D3-BF4B-00C04F79EFBC}") = "Tyuiu.MoskalevEA.Sprint6.Task3.V10", "Tyuiu.MoskalevEA.Sprint6.Task3.V10\Tyuiu.MoskalevEA.Sprint6.Task3.V10.csproj", "{9000A688-A2A3-4CB4-BDDF-BFFEB05FFA94}"
EndProject
Project("{FAE04EC0-301F-11D3-BF4B-00C04F79EFBC}") = "Tyuiu.MoskalevEA.Sprint6.Task3.V10.Lib", "Tyuiu.MoskalevEA.Sprint6.Task3.V10.Lib\Tyuiu.MoskalevEA.Sprint6.Task3.V10.Lib.csproj", "{96BB807E-0879-4901-964D-F6B64D4FDABA}"
EndProject
Project("{FAE04EC0-301F-11D3-BF4B-00C04F79EFBC}") = "Tyuiu.MoskalevEA.Sprint6.Task3.V10.Test", "Tyuiu.MoskalevEA.Sprint6.Task3.V10.Test\Tyuiu.MoskalevEA.Sprint6.Task3.V10.Test.csproj", "{43391CF1-7C64-41D6-A266-38EFFF1FBDFD}"
EndProject
Project("{2150E333-8FDC-42A3-9474-1A3956D46DE8}") = "Task4", "Task4", "{CA82197B-A42A-4746-8716-006F988D0B4C}"
EndProject
Project("{2150E333-8FDC-42A3-9474-1A3956D46DE8}") = "Task5", "Task5", "{6B6B0344-6E1B-400D-8F42-74CEE19A9964}"
EndProject
Project("{2150E333-8FDC-42A3-9474-1A3956D46DE8}") = "Task6", "Task6", "{CB6A834D-5E83-4A26-B210-182E119A8562}"
EndProject
Project("{2150E333-8FDC-42A3-9474-1A3956D46DE8}") = "Task7", "Task7", "{16C57024-84C2-4D30-85F2-6687B10362E0}"
EndProject
Project("{FAE04EC0-301F-11D3-BF4B-00C04F79EFBC}") = "Tyuiu.MoskalevEA.Sprint6.Task4.V6", "Tyuiu.MoskalevEA.Sprint6.Task4.V6\Tyuiu.MoskalevEA.Sprint6.Task4.V6.csproj", "{ED5F6F51-B244-4E52-A45A-1E9B627B8414}"
EndProject
Project("{FAE04EC0-301F-11D3-BF4B-00C04F79EFBC}") = "Tyuiu.MoskalevEA.Sprint6.Task4.V6.Lib", "Tyuiu.MoskalevEA.Sprint6.Task4.V6.Lib\Tyuiu.MoskalevEA.Sprint6.Task4.V6.Lib.csproj", "{057E18CB-CFAB-4340-94F1-A06858C1A483}"
EndProject
Project("{FAE04EC0-301F-11D3-BF4B-00C04F79EFBC}") = "Tyuiu.MoskalevEA.Sprint6.Task4.V6.Test", "Tyuiu.MoskalevEA.Sprint6.Task4.V6.Test\Tyuiu.MoskalevEA.Sprint6.Task4.V6.Test.csproj", "{F013B655-6EAB-481F-A194-85DB6E2E2F8B}"
EndProject
Project("{FAE04EC0-301F-11D3-BF4B-00C04F79EFBC}") = "Tyuiu.MoskalevEA.Sprint6.Task5.V19", "Tyuiu.MoskalevEA.Sprint6.Task5.V19\Tyuiu.MoskalevEA.Sprint6.Task5.V19.csproj", "{2D26B944-D093-4CFB-9D6F-C8A77693D382}"
EndProject
Project("{FAE04EC0-301F-11D3-BF4B-00C04F79EFBC}") = "Tyuiu.MoskalevEA.Sprint6.Task5.V19.Lib", "Tyuiu.MoskalevEA.Sprint6.Task5.V19.Lib\Tyuiu.MoskalevEA.Sprint6.Task5.V19.Lib.csproj", "{9A9603D5-26ED-4AC5-BA1A-F2F552CB2556}"
EndProject
Project("{FAE04EC0-301F-11D3-BF4B-00C04F79EFBC}") = "Tyuiu.MoskalevEA.Sprint6.Task5.V19.Test", "Tyuiu.MoskalevEA.Sprint6.Task5.V19.Test\Tyuiu.MoskalevEA.Sprint6.Task5.V19.Test.csproj", "{532EBD67-17BC-4D74-ACD2-AD946BC461BB}"
EndProject
Project("{FAE04EC0-301F-11D3-BF4B-00C04F79EFBC}") = "Tyuiu.MoskalevEA.Sprint6.Task6.V10", "Tyuiu.MoskalevEA.Sprint6.Task6.V10\Tyuiu.MoskalevEA.Sprint6.Task6.V10.csproj", "{3AB47A01-0628-4206-ACE2-34D810D2E68A}"
EndProject
Project("{FAE04EC0-301F-11D3-BF4B-00C04F79EFBC}") = "Tyuiu.MoskalevEA.Sprint6.Task6.V10.Lib", "Tyuiu.MoskalevEA.Sprint6.Task6.V10.Lib\Tyuiu.MoskalevEA.Sprint6.Task6.V10.Lib.csproj", "{F4B9F079-08E4-4F2E-A023-8767D229A5C3}"
EndProject
Project("{FAE04EC0-301F-11D3-BF4B-00C04F79EFBC}") = "Tyuiu.MoskalevEA.Sprint6.Task6.V10.Test", "Tyuiu.MoskalevEA.Sprint6.Task6.V10.Test\Tyuiu.MoskalevEA.Sprint6.Task6.V10.Test.csproj", "{D25D42C7-9E9F-4425-B10D-4EC1C48F26E2}"
EndProject
Project("{FAE04EC0-301F-11D3-BF4B-00C04F79EFBC}") = "Tyuiu.MoskalevEA.Sprint6.Task7.V27.Lib", "Tyuiu.MoskalevEA.Sprint6.Task7.V27.Lib\Tyuiu.MoskalevEA.Sprint6.Task7.V27.Lib.csproj", "{A880870E-A75D-4224-A060-C8961C997EC9}"
EndProject
Project("{FAE04EC0-301F-11D3-BF4B-00C04F79EFBC}") = "Tyuiu.MoskalevEA.Sprint6.Task7.V27.Test", "Tyuiu.MoskalevEA.Sprint6.Task7.V27.Test\Tyuiu.MoskalevEA.Sprint6.Task7.V27.Test.csproj", "{70BEAFEC-1B6C-46A2-BB19-9EBF6BFEC40D}"
EndProject
Project("{FAE04EC0-301F-11D3-BF4B-00C04F79EFBC}") = "Tyuiu.MoskalevEA.Sprint6.Task0.V20", "Tyuiu.MoskalevEA.Sprint6.Task0.V20\Tyuiu.MoskalevEA.Sprint6.Task0.V20.csproj", "{6B2F6801-BC9E-4F1A-93A7-D708D6D46217}"
EndProject
Project("{FAE04EC0-301F-11D3-BF4B-00C04F79EFBC}") = "Tyuiu.NazarenkoVV.Sprint6.Task7.V27", "Tyuiu.NazarenkoVV.Sprint6.Task7.V27\Tyuiu.NazarenkoVV.Sprint6.Task7.V27.csproj", "{4B324F92-9CFF-4670-AF61-38D4503476BC}"
EndProject
Global
	GlobalSection(SolutionConfigurationPlatforms) = preSolution
		Debug|Any CPU = Debug|Any CPU
		Release|Any CPU = Release|Any CPU
	EndGlobalSection
	GlobalSection(ProjectConfigurationPlatforms) = postSolution
		{96E20F6E-9202-4373-B2FB-88756106770A}.Debug|Any CPU.ActiveCfg = Debug|Any CPU
		{96E20F6E-9202-4373-B2FB-88756106770A}.Debug|Any CPU.Build.0 = Debug|Any CPU
		{96E20F6E-9202-4373-B2FB-88756106770A}.Release|Any CPU.ActiveCfg = Release|Any CPU
		{96E20F6E-9202-4373-B2FB-88756106770A}.Release|Any CPU.Build.0 = Release|Any CPU
		{4304912A-84D8-40FE-A13E-E2221A7E19BA}.Debug|Any CPU.ActiveCfg = Debug|Any CPU
		{4304912A-84D8-40FE-A13E-E2221A7E19BA}.Debug|Any CPU.Build.0 = Debug|Any CPU
		{4304912A-84D8-40FE-A13E-E2221A7E19BA}.Release|Any CPU.ActiveCfg = Release|Any CPU
		{4304912A-84D8-40FE-A13E-E2221A7E19BA}.Release|Any CPU.Build.0 = Release|Any CPU
		{0E338A31-0471-400F-9209-5BD64C0438D9}.Debug|Any CPU.ActiveCfg = Debug|Any CPU
		{0E338A31-0471-400F-9209-5BD64C0438D9}.Debug|Any CPU.Build.0 = Debug|Any CPU
		{0E338A31-0471-400F-9209-5BD64C0438D9}.Release|Any CPU.ActiveCfg = Release|Any CPU
		{0E338A31-0471-400F-9209-5BD64C0438D9}.Release|Any CPU.Build.0 = Release|Any CPU
		{311DC43C-58C5-4924-B882-B4567E9D640D}.Debug|Any CPU.ActiveCfg = Debug|Any CPU
		{311DC43C-58C5-4924-B882-B4567E9D640D}.Debug|Any CPU.Build.0 = Debug|Any CPU
		{311DC43C-58C5-4924-B882-B4567E9D640D}.Release|Any CPU.ActiveCfg = Release|Any CPU
		{311DC43C-58C5-4924-B882-B4567E9D640D}.Release|Any CPU.Build.0 = Release|Any CPU
		{8BE7EB45-200D-4E25-8284-62C8D6FAD255}.Debug|Any CPU.ActiveCfg = Debug|Any CPU
		{8BE7EB45-200D-4E25-8284-62C8D6FAD255}.Debug|Any CPU.Build.0 = Debug|Any CPU
		{8BE7EB45-200D-4E25-8284-62C8D6FAD255}.Release|Any CPU.ActiveCfg = Release|Any CPU
		{8BE7EB45-200D-4E25-8284-62C8D6FAD255}.Release|Any CPU.Build.0 = Release|Any CPU
		{F8868B92-CC38-47D9-AEA4-3159DF4AF488}.Debug|Any CPU.ActiveCfg = Debug|Any CPU
		{F8868B92-CC38-47D9-AEA4-3159DF4AF488}.Debug|Any CPU.Build.0 = Debug|Any CPU
		{F8868B92-CC38-47D9-AEA4-3159DF4AF488}.Release|Any CPU.ActiveCfg = Release|Any CPU
		{F8868B92-CC38-47D9-AEA4-3159DF4AF488}.Release|Any CPU.Build.0 = Release|Any CPU
		{8B683039-7CBC-42C4-A960-F1CB30FC3A2B}.Debug|Any CPU.ActiveCfg = Debug|Any CPU
		{8B683039-7CBC-42C4-A960-F1CB30FC3A2B}.Debug|Any CPU.Build.0 = Debug|Any CPU
		{8B683039-7CBC-42C4-A960-F1CB30FC3A2B}.Release|Any CPU.ActiveCfg = Release|Any CPU
		{8B683039-7CBC-42C4-A960-F1CB30FC3A2B}.Release|Any CPU.Build.0 = Release|Any CPU
		{13FD4010-EBAC-40D4-8116-588EB0FE5E4A}.Debug|Any CPU.ActiveCfg = Debug|Any CPU
		{13FD4010-EBAC-40D4-8116-588EB0FE5E4A}.Debug|Any CPU.Build.0 = Debug|Any CPU
		{13FD4010-EBAC-40D4-8116-588EB0FE5E4A}.Release|Any CPU.ActiveCfg = Release|Any CPU
		{13FD4010-EBAC-40D4-8116-588EB0FE5E4A}.Release|Any CPU.Build.0 = Release|Any CPU
		{9000A688-A2A3-4CB4-BDDF-BFFEB05FFA94}.Debug|Any CPU.ActiveCfg = Debug|Any CPU
		{9000A688-A2A3-4CB4-BDDF-BFFEB05FFA94}.Debug|Any CPU.Build.0 = Debug|Any CPU
		{9000A688-A2A3-4CB4-BDDF-BFFEB05FFA94}.Release|Any CPU.ActiveCfg = Release|Any CPU
		{9000A688-A2A3-4CB4-BDDF-BFFEB05FFA94}.Release|Any CPU.Build.0 = Release|Any CPU
		{96BB807E-0879-4901-964D-F6B64D4FDABA}.Debug|Any CPU.ActiveCfg = Debug|Any CPU
		{96BB807E-0879-4901-964D-F6B64D4FDABA}.Debug|Any CPU.Build.0 = Debug|Any CPU
		{96BB807E-0879-4901-964D-F6B64D4FDABA}.Release|Any CPU.ActiveCfg = Release|Any CPU
		{96BB807E-0879-4901-964D-F6B64D4FDABA}.Release|Any CPU.Build.0 = Release|Any CPU
		{43391CF1-7C64-41D6-A266-38EFFF1FBDFD}.Debug|Any CPU.ActiveCfg = Debug|Any CPU
		{43391CF1-7C64-41D6-A266-38EFFF1FBDFD}.Debug|Any CPU.Build.0 = Debug|Any CPU
		{43391CF1-7C64-41D6-A266-38EFFF1FBDFD}.Release|Any CPU.ActiveCfg = Release|Any CPU
		{43391CF1-7C64-41D6-A266-38EFFF1FBDFD}.Release|Any CPU.Build.0 = Release|Any CPU
		{ED5F6F51-B244-4E52-A45A-1E9B627B8414}.Debug|Any CPU.ActiveCfg = Debug|Any CPU
		{ED5F6F51-B244-4E52-A45A-1E9B627B8414}.Debug|Any CPU.Build.0 = Debug|Any CPU
		{ED5F6F51-B244-4E52-A45A-1E9B627B8414}.Release|Any CPU.ActiveCfg = Release|Any CPU
		{ED5F6F51-B244-4E52-A45A-1E9B627B8414}.Release|Any CPU.Build.0 = Release|Any CPU
		{057E18CB-CFAB-4340-94F1-A06858C1A483}.Debug|Any CPU.ActiveCfg = Debug|Any CPU
		{057E18CB-CFAB-4340-94F1-A06858C1A483}.Debug|Any CPU.Build.0 = Debug|Any CPU
		{057E18CB-CFAB-4340-94F1-A06858C1A483}.Release|Any CPU.ActiveCfg = Release|Any CPU
		{057E18CB-CFAB-4340-94F1-A06858C1A483}.Release|Any CPU.Build.0 = Release|Any CPU
		{F013B655-6EAB-481F-A194-85DB6E2E2F8B}.Debug|Any CPU.ActiveCfg = Debug|Any CPU
		{F013B655-6EAB-481F-A194-85DB6E2E2F8B}.Debug|Any CPU.Build.0 = Debug|Any CPU
		{F013B655-6EAB-481F-A194-85DB6E2E2F8B}.Release|Any CPU.ActiveCfg = Release|Any CPU
		{F013B655-6EAB-481F-A194-85DB6E2E2F8B}.Release|Any CPU.Build.0 = Release|Any CPU
		{2D26B944-D093-4CFB-9D6F-C8A77693D382}.Debug|Any CPU.ActiveCfg = Debug|Any CPU
		{2D26B944-D093-4CFB-9D6F-C8A77693D382}.Debug|Any CPU.Build.0 = Debug|Any CPU
		{2D26B944-D093-4CFB-9D6F-C8A77693D382}.Release|Any CPU.ActiveCfg = Release|Any CPU
		{2D26B944-D093-4CFB-9D6F-C8A77693D382}.Release|Any CPU.Build.0 = Release|Any CPU
		{9A9603D5-26ED-4AC5-BA1A-F2F552CB2556}.Debug|Any CPU.ActiveCfg = Debug|Any CPU
		{9A9603D5-26ED-4AC5-BA1A-F2F552CB2556}.Debug|Any CPU.Build.0 = Debug|Any CPU
		{9A9603D5-26ED-4AC5-BA1A-F2F552CB2556}.Release|Any CPU.ActiveCfg = Release|Any CPU
		{9A9603D5-26ED-4AC5-BA1A-F2F552CB2556}.Release|Any CPU.Build.0 = Release|Any CPU
		{532EBD67-17BC-4D74-ACD2-AD946BC461BB}.Debug|Any CPU.ActiveCfg = Debug|Any CPU
		{532EBD67-17BC-4D74-ACD2-AD946BC461BB}.Debug|Any CPU.Build.0 = Debug|Any CPU
		{532EBD67-17BC-4D74-ACD2-AD946BC461BB}.Release|Any CPU.ActiveCfg = Release|Any CPU
		{532EBD67-17BC-4D74-ACD2-AD946BC461BB}.Release|Any CPU.Build.0 = Release|Any CPU
		{3AB47A01-0628-4206-ACE2-34D810D2E68A}.Debug|Any CPU.ActiveCfg = Debug|Any CPU
		{3AB47A01-0628-4206-ACE2-34D810D2E68A}.Debug|Any CPU.Build.0 = Debug|Any CPU
		{3AB47A01-0628-4206-ACE2-34D810D2E68A}.Release|Any CPU.ActiveCfg = Release|Any CPU
		{3AB47A01-0628-4206-ACE2-34D810D2E68A}.Release|Any CPU.Build.0 = Release|Any CPU
		{F4B9F079-08E4-4F2E-A023-8767D229A5C3}.Debug|Any CPU.ActiveCfg = Debug|Any CPU
		{F4B9F079-08E4-4F2E-A023-8767D229A5C3}.Debug|Any CPU.Build.0 = Debug|Any CPU
		{F4B9F079-08E4-4F2E-A023-8767D229A5C3}.Release|Any CPU.ActiveCfg = Release|Any CPU
		{F4B9F079-08E4-4F2E-A023-8767D229A5C3}.Release|Any CPU.Build.0 = Release|Any CPU
		{D25D42C7-9E9F-4425-B10D-4EC1C48F26E2}.Debug|Any CPU.ActiveCfg = Debug|Any CPU
		{D25D42C7-9E9F-4425-B10D-4EC1C48F26E2}.Debug|Any CPU.Build.0 = Debug|Any CPU
		{D25D42C7-9E9F-4425-B10D-4EC1C48F26E2}.Release|Any CPU.ActiveCfg = Release|Any CPU
		{D25D42C7-9E9F-4425-B10D-4EC1C48F26E2}.Release|Any CPU.Build.0 = Release|Any CPU
		{A880870E-A75D-4224-A060-C8961C997EC9}.Debug|Any CPU.ActiveCfg = Debug|Any CPU
		{A880870E-A75D-4224-A060-C8961C997EC9}.Debug|Any CPU.Build.0 = Debug|Any CPU
		{A880870E-A75D-4224-A060-C8961C997EC9}.Release|Any CPU.ActiveCfg = Release|Any CPU
		{A880870E-A75D-4224-A060-C8961C997EC9}.Release|Any CPU.Build.0 = Release|Any CPU
		{70BEAFEC-1B6C-46A2-BB19-9EBF6BFEC40D}.Debug|Any CPU.ActiveCfg = Debug|Any CPU
		{70BEAFEC-1B6C-46A2-BB19-9EBF6BFEC40D}.Debug|Any CPU.Build.0 = Debug|Any CPU
		{70BEAFEC-1B6C-46A2-BB19-9EBF6BFEC40D}.Release|Any CPU.ActiveCfg = Release|Any CPU
		{70BEAFEC-1B6C-46A2-BB19-9EBF6BFEC40D}.Release|Any CPU.Build.0 = Release|Any CPU
		{6B2F6801-BC9E-4F1A-93A7-D708D6D46217}.Debug|Any CPU.ActiveCfg = Debug|Any CPU
		{6B2F6801-BC9E-4F1A-93A7-D708D6D46217}.Debug|Any CPU.Build.0 = Debug|Any CPU
		{6B2F6801-BC9E-4F1A-93A7-D708D6D46217}.Release|Any CPU.ActiveCfg = Release|Any CPU
		{6B2F6801-BC9E-4F1A-93A7-D708D6D46217}.Release|Any CPU.Build.0 = Release|Any CPU
		{4B324F92-9CFF-4670-AF61-38D4503476BC}.Debug|Any CPU.ActiveCfg = Debug|Any CPU
		{4B324F92-9CFF-4670-AF61-38D4503476BC}.Debug|Any CPU.Build.0 = Debug|Any CPU
		{4B324F92-9CFF-4670-AF61-38D4503476BC}.Release|Any CPU.ActiveCfg = Release|Any CPU
		{4B324F92-9CFF-4670-AF61-38D4503476BC}.Release|Any CPU.Build.0 = Release|Any CPU
	EndGlobalSection
	GlobalSection(SolutionProperties) = preSolution
		HideSolutionNode = FALSE
	EndGlobalSection
	GlobalSection(NestedProjects) = preSolution
		{96E20F6E-9202-4373-B2FB-88756106770A} = {02EA681E-C7D8-13C7-8484-4AC65E1B71E8}
		{4304912A-84D8-40FE-A13E-E2221A7E19BA} = {02EA681E-C7D8-13C7-8484-4AC65E1B71E8}
		{0E338A31-0471-400F-9209-5BD64C0438D9} = {4F9380AA-ACF3-48D9-9816-29FEBD7B811F}
		{311DC43C-58C5-4924-B882-B4567E9D640D} = {4F9380AA-ACF3-48D9-9816-29FEBD7B811F}
		{8BE7EB45-200D-4E25-8284-62C8D6FAD255} = {4F9380AA-ACF3-48D9-9816-29FEBD7B811F}
		{F8868B92-CC38-47D9-AEA4-3159DF4AF488} = {8695F4A1-9B41-4731-8893-DEAB8076204C}
		{8B683039-7CBC-42C4-A960-F1CB30FC3A2B} = {8695F4A1-9B41-4731-8893-DEAB8076204C}
		{13FD4010-EBAC-40D4-8116-588EB0FE5E4A} = {8695F4A1-9B41-4731-8893-DEAB8076204C}
		{9000A688-A2A3-4CB4-BDDF-BFFEB05FFA94} = {58F0883B-CECE-4D2F-BEF0-54DAAD8732A1}
		{96BB807E-0879-4901-964D-F6B64D4FDABA} = {58F0883B-CECE-4D2F-BEF0-54DAAD8732A1}
		{43391CF1-7C64-41D6-A266-38EFFF1FBDFD} = {58F0883B-CECE-4D2F-BEF0-54DAAD8732A1}
		{ED5F6F51-B244-4E52-A45A-1E9B627B8414} = {CA82197B-A42A-4746-8716-006F988D0B4C}
		{057E18CB-CFAB-4340-94F1-A06858C1A483} = {CA82197B-A42A-4746-8716-006F988D0B4C}
		{F013B655-6EAB-481F-A194-85DB6E2E2F8B} = {CA82197B-A42A-4746-8716-006F988D0B4C}
		{2D26B944-D093-4CFB-9D6F-C8A77693D382} = {6B6B0344-6E1B-400D-8F42-74CEE19A9964}
		{9A9603D5-26ED-4AC5-BA1A-F2F552CB2556} = {6B6B0344-6E1B-400D-8F42-74CEE19A9964}
		{532EBD67-17BC-4D74-ACD2-AD946BC461BB} = {6B6B0344-6E1B-400D-8F42-74CEE19A9964}
		{3AB47A01-0628-4206-ACE2-34D810D2E68A} = {CB6A834D-5E83-4A26-B210-182E119A8562}
		{F4B9F079-08E4-4F2E-A023-8767D229A5C3} = {CB6A834D-5E83-4A26-B210-182E119A8562}
		{D25D42C7-9E9F-4425-B10D-4EC1C48F26E2} = {CB6A834D-5E83-4A26-B210-182E119A8562}
		{A880870E-A75D-4224-A060-C8961C997EC9} = {16C57024-84C2-4D30-85F2-6687B10362E0}
		{70BEAFEC-1B6C-46A2-BB19-9EBF6BFEC40D} = {16C57024-84C2-4D30-85F2-6687B10362E0}
		{6B2F6801-BC9E-4F1A-93A7-D708D6D46217} = {02EA681E-C7D8-13C7-8484-4AC65E1B71E8}
		{4B324F92-9CFF-4670-AF61-38D4503476BC} = {16C57024-84C2-4D30-85F2-6687B10362E0}
	EndGlobalSection
	GlobalSection(ExtensibilityGlobals) = postSolution
		SolutionGuid = {4453F6B8-3FBD-4A6C-A13E-A381913F6BBA}
	EndGlobalSection
EndGlobal
